// !$*UTF8*$!
{
	archiveVersion = 1;
	classes = {
	};
	objectVersion = 56;
	objects = {

/* Begin PBXBuildFile section */
		684506D8296E669A0046FC18 /* AppInfoAPI.swift in Sources */ = {isa = PBXBuildFile; fileRef = 684506D7296E669A0046FC18 /* AppInfoAPI.swift */; };
		684506DA296E67290046FC18 /* AppInfoRequest.swift in Sources */ = {isa = PBXBuildFile; fileRef = 684506D9296E67290046FC18 /* AppInfoRequest.swift */; };
		684506DC296E677A0046FC18 /* NetworkRequest.swift in Sources */ = {isa = PBXBuildFile; fileRef = 684506DB296E677A0046FC18 /* NetworkRequest.swift */; };
		684506E1296E7CF30046FC18 /* UIImageView+Extension.swift in Sources */ = {isa = PBXBuildFile; fileRef = 684506E0296E7CF30046FC18 /* UIImageView+Extension.swift */; };
		684506E5296EB5AB0046FC18 /* Reusable.swift in Sources */ = {isa = PBXBuildFile; fileRef = 684506E4296EB5AB0046FC18 /* Reusable.swift */; };
		684506E7296EB5CC0046FC18 /* UIColletionView+Extension.swift in Sources */ = {isa = PBXBuildFile; fileRef = 684506E6296EB5CC0046FC18 /* UIColletionView+Extension.swift */; };
		684506E9296EB6040046FC18 /* UICollectionViewCell+Extension.swift in Sources */ = {isa = PBXBuildFile; fileRef = 684506E8296EB6040046FC18 /* UICollectionViewCell+Extension.swift */; };
		684506EE296ED3780046FC18 /* DetailBemilyManager.swift in Sources */ = {isa = PBXBuildFile; fileRef = 684506ED296ED3780046FC18 /* DetailBemilyManager.swift */; };
		687A9CE1296D4BCD0024176D /* AppDelegate.swift in Sources */ = {isa = PBXBuildFile; fileRef = 687A9CE0296D4BCD0024176D /* AppDelegate.swift */; };
		687A9CE3296D4BCD0024176D /* SceneDelegate.swift in Sources */ = {isa = PBXBuildFile; fileRef = 687A9CE2296D4BCD0024176D /* SceneDelegate.swift */; };
		687A9CEB296D4BCD0024176D /* Bemily.xcdatamodeld in Sources */ = {isa = PBXBuildFile; fileRef = 687A9CE9296D4BCD0024176D /* Bemily.xcdatamodeld */; };
		687A9CED296D4BCE0024176D /* Assets.xcassets in Resources */ = {isa = PBXBuildFile; fileRef = 687A9CEC296D4BCE0024176D /* Assets.xcassets */; };
		687A9CF0296D4BCE0024176D /* LaunchScreen.storyboard in Resources */ = {isa = PBXBuildFile; fileRef = 687A9CEE296D4BCE0024176D /* LaunchScreen.storyboard */; };
		687A9D17296D73760024176D /* DetailBemilyViewController.swift in Sources */ = {isa = PBXBuildFile; fileRef = 687A9D16296D73760024176D /* DetailBemilyViewController.swift */; };
		687A9D1A296D747D0024176D /* SnapKit in Frameworks */ = {isa = PBXBuildFile; productRef = 687A9D19296D747D0024176D /* SnapKit */; };
		687A9D1F296D78440024176D /* PreviewBemilyCollectionCell.swift in Sources */ = {isa = PBXBuildFile; fileRef = 687A9D1E296D78440024176D /* PreviewBemilyCollectionCell.swift */; };
		687A9D21296D794B0024176D /* AppInfo.swift in Sources */ = {isa = PBXBuildFile; fileRef = 687A9D20296D794B0024176D /* AppInfo.swift */; };
		687A9D23296D8D010024176D /* ImageCache.swift in Sources */ = {isa = PBXBuildFile; fileRef = 687A9D22296D8D010024176D /* ImageCache.swift */; };
		687A9D25296D8DD90024176D /* ImageDownLoader.swift in Sources */ = {isa = PBXBuildFile; fileRef = 687A9D24296D8DD90024176D /* ImageDownLoader.swift */; };
		687A9D29296D8E4C0024176D /* APIRequest.swift in Sources */ = {isa = PBXBuildFile; fileRef = 687A9D28296D8E4C0024176D /* APIRequest.swift */; };
		687A9D2B296D8E6E0024176D /* HTTPMethod.swift in Sources */ = {isa = PBXBuildFile; fileRef = 687A9D2A296D8E6E0024176D /* HTTPMethod.swift */; };
		687A9D2D296D8EA20024176D /* NetworkError.swift in Sources */ = {isa = PBXBuildFile; fileRef = 687A9D2C296D8EA20024176D /* NetworkError.swift */; };
/* End PBXBuildFile section */

/* Begin PBXFileReference section */
		684506D7296E669A0046FC18 /* AppInfoAPI.swift */ = {isa = PBXFileReference; lastKnownFileType = sourcecode.swift; path = AppInfoAPI.swift; sourceTree = "<group>"; };
		684506D9296E67290046FC18 /* AppInfoRequest.swift */ = {isa = PBXFileReference; lastKnownFileType = sourcecode.swift; path = AppInfoRequest.swift; sourceTree = "<group>"; };
		684506DB296E677A0046FC18 /* NetworkRequest.swift */ = {isa = PBXFileReference; lastKnownFileType = sourcecode.swift; path = NetworkRequest.swift; sourceTree = "<group>"; };
		684506E0296E7CF30046FC18 /* UIImageView+Extension.swift */ = {isa = PBXFileReference; lastKnownFileType = sourcecode.swift; path = "UIImageView+Extension.swift"; sourceTree = "<group>"; };
		684506E4296EB5AB0046FC18 /* Reusable.swift */ = {isa = PBXFileReference; lastKnownFileType = sourcecode.swift; path = Reusable.swift; sourceTree = "<group>"; };
		684506E6296EB5CC0046FC18 /* UIColletionView+Extension.swift */ = {isa = PBXFileReference; lastKnownFileType = sourcecode.swift; path = "UIColletionView+Extension.swift"; sourceTree = "<group>"; };
		684506E8296EB6040046FC18 /* UICollectionViewCell+Extension.swift */ = {isa = PBXFileReference; lastKnownFileType = sourcecode.swift; path = "UICollectionViewCell+Extension.swift"; sourceTree = "<group>"; };
		684506ED296ED3780046FC18 /* DetailBemilyManager.swift */ = {isa = PBXFileReference; lastKnownFileType = sourcecode.swift; path = DetailBemilyManager.swift; sourceTree = "<group>"; };
		687A9CDD296D4BCD0024176D /* Bemily.app */ = {isa = PBXFileReference; explicitFileType = wrapper.application; includeInIndex = 0; path = Bemily.app; sourceTree = BUILT_PRODUCTS_DIR; };
		687A9CE0296D4BCD0024176D /* AppDelegate.swift */ = {isa = PBXFileReference; lastKnownFileType = sourcecode.swift; path = AppDelegate.swift; sourceTree = "<group>"; };
		687A9CE2296D4BCD0024176D /* SceneDelegate.swift */ = {isa = PBXFileReference; lastKnownFileType = sourcecode.swift; path = SceneDelegate.swift; sourceTree = "<group>"; };
		687A9CEA296D4BCD0024176D /* Bemily.xcdatamodel */ = {isa = PBXFileReference; lastKnownFileType = wrapper.xcdatamodel; path = Bemily.xcdatamodel; sourceTree = "<group>"; };
		687A9CEC296D4BCE0024176D /* Assets.xcassets */ = {isa = PBXFileReference; lastKnownFileType = folder.assetcatalog; path = Assets.xcassets; sourceTree = "<group>"; };
		687A9CEF296D4BCE0024176D /* Base */ = {isa = PBXFileReference; lastKnownFileType = file.storyboard; name = Base; path = Base.lproj/LaunchScreen.storyboard; sourceTree = "<group>"; };
		687A9CF1296D4BCE0024176D /* Info.plist */ = {isa = PBXFileReference; lastKnownFileType = text.plist.xml; path = Info.plist; sourceTree = "<group>"; };
		687A9D16296D73760024176D /* DetailBemilyViewController.swift */ = {isa = PBXFileReference; lastKnownFileType = sourcecode.swift; path = DetailBemilyViewController.swift; sourceTree = "<group>"; };
		687A9D1E296D78440024176D /* PreviewBemilyCollectionCell.swift */ = {isa = PBXFileReference; lastKnownFileType = sourcecode.swift; path = PreviewBemilyCollectionCell.swift; sourceTree = "<group>"; };
		687A9D20296D794B0024176D /* AppInfo.swift */ = {isa = PBXFileReference; lastKnownFileType = sourcecode.swift; path = AppInfo.swift; sourceTree = "<group>"; };
		687A9D22296D8D010024176D /* ImageCache.swift */ = {isa = PBXFileReference; lastKnownFileType = sourcecode.swift; path = ImageCache.swift; sourceTree = "<group>"; };
		687A9D24296D8DD90024176D /* ImageDownLoader.swift */ = {isa = PBXFileReference; lastKnownFileType = sourcecode.swift; path = ImageDownLoader.swift; sourceTree = "<group>"; };
		687A9D28296D8E4C0024176D /* APIRequest.swift */ = {isa = PBXFileReference; lastKnownFileType = sourcecode.swift; path = APIRequest.swift; sourceTree = "<group>"; };
		687A9D2A296D8E6E0024176D /* HTTPMethod.swift */ = {isa = PBXFileReference; lastKnownFileType = sourcecode.swift; path = HTTPMethod.swift; sourceTree = "<group>"; };
		687A9D2C296D8EA20024176D /* NetworkError.swift */ = {isa = PBXFileReference; lastKnownFileType = sourcecode.swift; path = NetworkError.swift; sourceTree = "<group>"; };
/* End PBXFileReference section */

/* Begin PBXFrameworksBuildPhase section */
		687A9CDA296D4BCD0024176D /* Frameworks */ = {
			isa = PBXFrameworksBuildPhase;
			buildActionMask = 2147483647;
			files = (
				687A9D1A296D747D0024176D /* SnapKit in Frameworks */,
			);
			runOnlyForDeploymentPostprocessing = 0;
		};
/* End PBXFrameworksBuildPhase section */

/* Begin PBXGroup section */
		684506D6296E66870046FC18 /* Network */ = {
			isa = PBXGroup;
			children = (
				684D1C7029700895007C8D28 /*  Network+Entities */,
				684506EC296ED0360046FC18 /* ImageManager */,
				684506EB296ED0020046FC18 /* NetworkRequest */,
				684506EA296ECFF70046FC18 /* AppInfo+Network */,
			);
			path = Network;
			sourceTree = "<group>";
		};
		684506DD296E7A4D0046FC18 /* Presentation */ = {
			isa = PBXGroup;
			children = (
				684506ED296ED3780046FC18 /* DetailBemilyManager.swift */,
				687A9D16296D73760024176D /* DetailBemilyViewController.swift */,
				687A9D1E296D78440024176D /* PreviewBemilyCollectionCell.swift */,
			);
			path = Presentation;
			sourceTree = "<group>";
		};
		684506DE296E7A6C0046FC18 /* Scene */ = {
			isa = PBXGroup;
			children = (
				687A9CE0296D4BCD0024176D /* AppDelegate.swift */,
				687A9CE2296D4BCD0024176D /* SceneDelegate.swift */,
			);
			path = Scene;
			sourceTree = "<group>";
		};
		684506DF296E7CE40046FC18 /* Extension */ = {
			isa = PBXGroup;
			children = (
				684506E0296E7CF30046FC18 /* UIImageView+Extension.swift */,
				684506E6296EB5CC0046FC18 /* UIColletionView+Extension.swift */,
				684506E8296EB6040046FC18 /* UICollectionViewCell+Extension.swift */,
			);
			path = Extension;
			sourceTree = "<group>";
		};
		684506E2296E8FB80046FC18 /* Entities */ = {
			isa = PBXGroup;
			children = (
				687A9D20296D794B0024176D /* AppInfo.swift */,
			);
			path = Entities;
			sourceTree = "<group>";
		};
		684506E3296EB59E0046FC18 /* Protocol */ = {
			isa = PBXGroup;
			children = (
				684506E4296EB5AB0046FC18 /* Reusable.swift */,
			);
			path = Protocol;
			sourceTree = "<group>";
		};
		684506EA296ECFF70046FC18 /* AppInfo+Network */ = {
			isa = PBXGroup;
			children = (
				684506D7296E669A0046FC18 /* AppInfoAPI.swift */,
				684506D9296E67290046FC18 /* AppInfoRequest.swift */,
			);
			path = "AppInfo+Network";
			sourceTree = "<group>";
		};
		684506EB296ED0020046FC18 /* NetworkRequest */ = {
			isa = PBXGroup;
			children = (
				684506DB296E677A0046FC18 /* NetworkRequest.swift */,
			);
			path = NetworkRequest;
			sourceTree = "<group>";
		};
		684506EC296ED0360046FC18 /* ImageManager */ = {
			isa = PBXGroup;
			children = (
				687A9D22296D8D010024176D /* ImageCache.swift */,
				687A9D24296D8DD90024176D /* ImageDownLoader.swift */,
			);
			path = ImageManager;
			sourceTree = "<group>";
		};
		684D1C7029700895007C8D28 /*  Network+Entities */ = {
			isa = PBXGroup;
			children = (
				687A9D2C296D8EA20024176D /* NetworkError.swift */,
				687A9D2A296D8E6E0024176D /* HTTPMethod.swift */,
				687A9D28296D8E4C0024176D /* APIRequest.swift */,
			);
			path = " Network+Entities";
			sourceTree = "<group>";
		};
		687A9CD4296D4BCD0024176D = {
			isa = PBXGroup;
			children = (
				687A9CDF296D4BCD0024176D /* Bemily */,
				687A9CDE296D4BCD0024176D /* Products */,
			);
			sourceTree = "<group>";
		};
		687A9CDE296D4BCD0024176D /* Products */ = {
			isa = PBXGroup;
			children = (
				687A9CDD296D4BCD0024176D /* Bemily.app */,
			);
			name = Products;
			sourceTree = "<group>";
		};
		687A9CDF296D4BCD0024176D /* Bemily */ = {
			isa = PBXGroup;
			children = (
				684506DE296E7A6C0046FC18 /* Scene */,
				684506E2296E8FB80046FC18 /* Entities */,
				684506E3296EB59E0046FC18 /* Protocol */,
				684506DF296E7CE40046FC18 /* Extension */,
				684506DD296E7A4D0046FC18 /* Presentation */,
				684506D6296E66870046FC18 /* Network */,
				687A9CEC296D4BCE0024176D /* Assets.xcassets */,
				687A9CEE296D4BCE0024176D /* LaunchScreen.storyboard */,
				687A9CF1296D4BCE0024176D /* Info.plist */,
				687A9CE9296D4BCD0024176D /* Bemily.xcdatamodeld */,
			);
			path = Bemily;
			sourceTree = "<group>";
		};
/* End PBXGroup section */

/* Begin PBXNativeTarget section */
		687A9CDC296D4BCD0024176D /* Bemily */ = {
			isa = PBXNativeTarget;
			buildConfigurationList = 687A9D0A296D4BCE0024176D /* Build configuration list for PBXNativeTarget "Bemily" */;
			buildPhases = (
				687A9CD9296D4BCD0024176D /* Sources */,
				687A9CDA296D4BCD0024176D /* Frameworks */,
				687A9CDB296D4BCD0024176D /* Resources */,
			);
			buildRules = (
			);
			dependencies = (
			);
			name = Bemily;
			packageProductDependencies = (
				687A9D19296D747D0024176D /* SnapKit */,
			);
			productName = Bemily;
			productReference = 687A9CDD296D4BCD0024176D /* Bemily.app */;
			productType = "com.apple.product-type.application";
		};
/* End PBXNativeTarget section */

/* Begin PBXProject section */
		687A9CD5296D4BCD0024176D /* Project object */ = {
			isa = PBXProject;
			attributes = {
				BuildIndependentTargetsInParallel = 1;
				LastSwiftUpdateCheck = 1400;
				LastUpgradeCheck = 1400;
				TargetAttributes = {
					687A9CDC296D4BCD0024176D = {
						CreatedOnToolsVersion = 14.0.1;
					};
				};
			};
			buildConfigurationList = 687A9CD8296D4BCD0024176D /* Build configuration list for PBXProject "Bemily" */;
			compatibilityVersion = "Xcode 14.0";
			developmentRegion = en;
			hasScannedForEncodings = 0;
			knownRegions = (
				en,
				Base,
			);
			mainGroup = 687A9CD4296D4BCD0024176D;
			packageReferences = (
				687A9D18296D747D0024176D /* XCRemoteSwiftPackageReference "SnapKit" */,
			);
			productRefGroup = 687A9CDE296D4BCD0024176D /* Products */;
			projectDirPath = "";
			projectRoot = "";
			targets = (
				687A9CDC296D4BCD0024176D /* Bemily */,
			);
		};
/* End PBXProject section */

/* Begin PBXResourcesBuildPhase section */
		687A9CDB296D4BCD0024176D /* Resources */ = {
			isa = PBXResourcesBuildPhase;
			buildActionMask = 2147483647;
			files = (
				687A9CF0296D4BCE0024176D /* LaunchScreen.storyboard in Resources */,
				687A9CED296D4BCE0024176D /* Assets.xcassets in Resources */,
			);
			runOnlyForDeploymentPostprocessing = 0;
		};
/* End PBXResourcesBuildPhase section */

/* Begin PBXSourcesBuildPhase section */
		687A9CD9296D4BCD0024176D /* Sources */ = {
			isa = PBXSourcesBuildPhase;
			buildActionMask = 2147483647;
			files = (
				684506E5296EB5AB0046FC18 /* Reusable.swift in Sources */,
				687A9D21296D794B0024176D /* AppInfo.swift in Sources */,
				684506DC296E677A0046FC18 /* NetworkRequest.swift in Sources */,
				684506EE296ED3780046FC18 /* DetailBemilyManager.swift in Sources */,
				687A9D25296D8DD90024176D /* ImageDownLoader.swift in Sources */,
				687A9D23296D8D010024176D /* ImageCache.swift in Sources */,
				687A9CEB296D4BCD0024176D /* Bemily.xcdatamodeld in Sources */,
				687A9D1F296D78440024176D /* PreviewBemilyCollectionCell.swift in Sources */,
				684506E7296EB5CC0046FC18 /* UIColletionView+Extension.swift in Sources */,
				687A9D29296D8E4C0024176D /* APIRequest.swift in Sources */,
				687A9D2B296D8E6E0024176D /* HTTPMethod.swift in Sources */,
				684506DA296E67290046FC18 /* AppInfoRequest.swift in Sources */,
				687A9CE1296D4BCD0024176D /* AppDelegate.swift in Sources */,
				687A9D2D296D8EA20024176D /* NetworkError.swift in Sources */,
				687A9CE3296D4BCD0024176D /* SceneDelegate.swift in Sources */,
				684506D8296E669A0046FC18 /* AppInfoAPI.swift in Sources */,
				684506E9296EB6040046FC18 /* UICollectionViewCell+Extension.swift in Sources */,
				684506E1296E7CF30046FC18 /* UIImageView+Extension.swift in Sources */,
				687A9D17296D73760024176D /* DetailBemilyViewController.swift in Sources */,
			);
			runOnlyForDeploymentPostprocessing = 0;
		};
/* End PBXSourcesBuildPhase section */

/* Begin PBXVariantGroup section */
		687A9CEE296D4BCE0024176D /* LaunchScreen.storyboard */ = {
			isa = PBXVariantGroup;
			children = (
				687A9CEF296D4BCE0024176D /* Base */,
			);
			name = LaunchScreen.storyboard;
			sourceTree = "<group>";
		};
/* End PBXVariantGroup section */

/* Begin XCBuildConfiguration section */
		687A9D08296D4BCE0024176D /* Debug */ = {
			isa = XCBuildConfiguration;
			buildSettings = {
				ALWAYS_SEARCH_USER_PATHS = NO;
				CLANG_ANALYZER_NONNULL = YES;
				CLANG_ANALYZER_NUMBER_OBJECT_CONVERSION = YES_AGGRESSIVE;
				CLANG_CXX_LANGUAGE_STANDARD = "gnu++20";
				CLANG_ENABLE_MODULES = YES;
				CLANG_ENABLE_OBJC_ARC = YES;
				CLANG_ENABLE_OBJC_WEAK = YES;
				CLANG_WARN_BLOCK_CAPTURE_AUTORELEASING = YES;
				CLANG_WARN_BOOL_CONVERSION = YES;
				CLANG_WARN_COMMA = YES;
				CLANG_WARN_CONSTANT_CONVERSION = YES;
				CLANG_WARN_DEPRECATED_OBJC_IMPLEMENTATIONS = YES;
				CLANG_WARN_DIRECT_OBJC_ISA_USAGE = YES_ERROR;
				CLANG_WARN_DOCUMENTATION_COMMENTS = YES;
				CLANG_WARN_EMPTY_BODY = YES;
				CLANG_WARN_ENUM_CONVERSION = YES;
				CLANG_WARN_INFINITE_RECURSION = YES;
				CLANG_WARN_INT_CONVERSION = YES;
				CLANG_WARN_NON_LITERAL_NULL_CONVERSION = YES;
				CLANG_WARN_OBJC_IMPLICIT_RETAIN_SELF = YES;
				CLANG_WARN_OBJC_LITERAL_CONVERSION = YES;
				CLANG_WARN_OBJC_ROOT_CLASS = YES_ERROR;
				CLANG_WARN_QUOTED_INCLUDE_IN_FRAMEWORK_HEADER = YES;
				CLANG_WARN_RANGE_LOOP_ANALYSIS = YES;
				CLANG_WARN_STRICT_PROTOTYPES = YES;
				CLANG_WARN_SUSPICIOUS_MOVE = YES;
				CLANG_WARN_UNGUARDED_AVAILABILITY = YES_AGGRESSIVE;
				CLANG_WARN_UNREACHABLE_CODE = YES;
				CLANG_WARN__DUPLICATE_METHOD_MATCH = YES;
				COPY_PHASE_STRIP = NO;
				DEBUG_INFORMATION_FORMAT = dwarf;
				ENABLE_STRICT_OBJC_MSGSEND = YES;
				ENABLE_TESTABILITY = YES;
				GCC_C_LANGUAGE_STANDARD = gnu11;
				GCC_DYNAMIC_NO_PIC = NO;
				GCC_NO_COMMON_BLOCKS = YES;
				GCC_OPTIMIZATION_LEVEL = 0;
				GCC_PREPROCESSOR_DEFINITIONS = (
					"DEBUG=1",
					"$(inherited)",
				);
				GCC_WARN_64_TO_32_BIT_CONVERSION = YES;
				GCC_WARN_ABOUT_RETURN_TYPE = YES_ERROR;
				GCC_WARN_UNDECLARED_SELECTOR = YES;
				GCC_WARN_UNINITIALIZED_AUTOS = YES_AGGRESSIVE;
				GCC_WARN_UNUSED_FUNCTION = YES;
				GCC_WARN_UNUSED_VARIABLE = YES;
				IPHONEOS_DEPLOYMENT_TARGET = 15.0;
				MTL_ENABLE_DEBUG_INFO = INCLUDE_SOURCE;
				MTL_FAST_MATH = YES;
				ONLY_ACTIVE_ARCH = YES;
				SDKROOT = iphoneos;
				SWIFT_ACTIVE_COMPILATION_CONDITIONS = DEBUG;
				SWIFT_OPTIMIZATION_LEVEL = "-Onone";
			};
			name = Debug;
		};
		687A9D09296D4BCE0024176D /* Release */ = {
			isa = XCBuildConfiguration;
			buildSettings = {
				ALWAYS_SEARCH_USER_PATHS = NO;
				CLANG_ANALYZER_NONNULL = YES;
				CLANG_ANALYZER_NUMBER_OBJECT_CONVERSION = YES_AGGRESSIVE;
				CLANG_CXX_LANGUAGE_STANDARD = "gnu++20";
				CLANG_ENABLE_MODULES = YES;
				CLANG_ENABLE_OBJC_ARC = YES;
				CLANG_ENABLE_OBJC_WEAK = YES;
				CLANG_WARN_BLOCK_CAPTURE_AUTORELEASING = YES;
				CLANG_WARN_BOOL_CONVERSION = YES;
				CLANG_WARN_COMMA = YES;
				CLANG_WARN_CONSTANT_CONVERSION = YES;
				CLANG_WARN_DEPRECATED_OBJC_IMPLEMENTATIONS = YES;
				CLANG_WARN_DIRECT_OBJC_ISA_USAGE = YES_ERROR;
				CLANG_WARN_DOCUMENTATION_COMMENTS = YES;
				CLANG_WARN_EMPTY_BODY = YES;
				CLANG_WARN_ENUM_CONVERSION = YES;
				CLANG_WARN_INFINITE_RECURSION = YES;
				CLANG_WARN_INT_CONVERSION = YES;
				CLANG_WARN_NON_LITERAL_NULL_CONVERSION = YES;
				CLANG_WARN_OBJC_IMPLICIT_RETAIN_SELF = YES;
				CLANG_WARN_OBJC_LITERAL_CONVERSION = YES;
				CLANG_WARN_OBJC_ROOT_CLASS = YES_ERROR;
				CLANG_WARN_QUOTED_INCLUDE_IN_FRAMEWORK_HEADER = YES;
				CLANG_WARN_RANGE_LOOP_ANALYSIS = YES;
				CLANG_WARN_STRICT_PROTOTYPES = YES;
				CLANG_WARN_SUSPICIOUS_MOVE = YES;
				CLANG_WARN_UNGUARDED_AVAILABILITY = YES_AGGRESSIVE;
				CLANG_WARN_UNREACHABLE_CODE = YES;
				CLANG_WARN__DUPLICATE_METHOD_MATCH = YES;
				COPY_PHASE_STRIP = NO;
				DEBUG_INFORMATION_FORMAT = "dwarf-with-dsym";
				ENABLE_NS_ASSERTIONS = NO;
				ENABLE_STRICT_OBJC_MSGSEND = YES;
				GCC_C_LANGUAGE_STANDARD = gnu11;
				GCC_NO_COMMON_BLOCKS = YES;
				GCC_WARN_64_TO_32_BIT_CONVERSION = YES;
				GCC_WARN_ABOUT_RETURN_TYPE = YES_ERROR;
				GCC_WARN_UNDECLARED_SELECTOR = YES;
				GCC_WARN_UNINITIALIZED_AUTOS = YES_AGGRESSIVE;
				GCC_WARN_UNUSED_FUNCTION = YES;
				GCC_WARN_UNUSED_VARIABLE = YES;
				IPHONEOS_DEPLOYMENT_TARGET = 15.0;
				MTL_ENABLE_DEBUG_INFO = NO;
				MTL_FAST_MATH = YES;
				SDKROOT = iphoneos;
				SWIFT_COMPILATION_MODE = wholemodule;
				SWIFT_OPTIMIZATION_LEVEL = "-O";
				VALIDATE_PRODUCT = YES;
			};
			name = Release;
		};
		687A9D0B296D4BCE0024176D /* Debug */ = {
			isa = XCBuildConfiguration;
			buildSettings = {
				ASSETCATALOG_COMPILER_APPICON_NAME = AppIcon;
				ASSETCATALOG_COMPILER_GLOBAL_ACCENT_COLOR_NAME = AccentColor;
				CODE_SIGN_STYLE = Automatic;
				CURRENT_PROJECT_VERSION = 1;
				DEVELOPMENT_TEAM = X2WF6FR3RY;
				GENERATE_INFOPLIST_FILE = YES;
				INFOPLIST_FILE = Bemily/Info.plist;
				INFOPLIST_KEY_UIApplicationSupportsIndirectInputEvents = YES;
				INFOPLIST_KEY_UILaunchStoryboardName = LaunchScreen;
				INFOPLIST_KEY_UIMainStoryboardFile = "";
				INFOPLIST_KEY_UISupportedInterfaceOrientations = UIInterfaceOrientationPortrait;
				IPHONEOS_DEPLOYMENT_TARGET = 15.0;
				LD_RUNPATH_SEARCH_PATHS = (
					"$(inherited)",
					"@executable_path/Frameworks",
				);
				MARKETING_VERSION = 1.0;
				PRODUCT_BUNDLE_IDENTIFIER = ann.beckwon.Bemily;
				PRODUCT_NAME = "$(TARGET_NAME)";
				SWIFT_EMIT_LOC_STRINGS = YES;
				SWIFT_VERSION = 5.0;
				TARGETED_DEVICE_FAMILY = "1,2";
			};
			name = Debug;
		};
		687A9D0C296D4BCE0024176D /* Release */ = {
			isa = XCBuildConfiguration;
			buildSettings = {
				ASSETCATALOG_COMPILER_APPICON_NAME = AppIcon;
				ASSETCATALOG_COMPILER_GLOBAL_ACCENT_COLOR_NAME = AccentColor;
				CODE_SIGN_STYLE = Automatic;
				CURRENT_PROJECT_VERSION = 1;
				DEVELOPMENT_TEAM = X2WF6FR3RY;
				GENERATE_INFOPLIST_FILE = YES;
				INFOPLIST_FILE = Bemily/Info.plist;
				INFOPLIST_KEY_UIApplicationSupportsIndirectInputEvents = YES;
				INFOPLIST_KEY_UILaunchStoryboardName = LaunchScreen;
				INFOPLIST_KEY_UIMainStoryboardFile = "";
				INFOPLIST_KEY_UISupportedInterfaceOrientations = UIInterfaceOrientationPortrait;
				IPHONEOS_DEPLOYMENT_TARGET = 15.0;
				LD_RUNPATH_SEARCH_PATHS = (
					"$(inherited)",
					"@executable_path/Frameworks",
				);
				MARKETING_VERSION = 1.0;
				PRODUCT_BUNDLE_IDENTIFIER = ann.beckwon.Bemily;
				PRODUCT_NAME = "$(TARGET_NAME)";
				SWIFT_EMIT_LOC_STRINGS = YES;
				SWIFT_VERSION = 5.0;
				TARGETED_DEVICE_FAMILY = "1,2";
			};
			name = Release;
		};
/* End XCBuildConfiguration section */

/* Begin XCConfigurationList section */
		687A9CD8296D4BCD0024176D /* Build configuration list for PBXProject "Bemily" */ = {
			isa = XCConfigurationList;
			buildConfigurations = (
				687A9D08296D4BCE0024176D /* Debug */,
				687A9D09296D4BCE0024176D /* Release */,
			);
			defaultConfigurationIsVisible = 0;
			defaultConfigurationName = Release;
		};
		687A9D0A296D4BCE0024176D /* Build configuration list for PBXNativeTarget "Bemily" */ = {
			isa = XCConfigurationList;
			buildConfigurations = (
				687A9D0B296D4BCE0024176D /* Debug */,
				687A9D0C296D4BCE0024176D /* Release */,
			);
			defaultConfigurationIsVisible = 0;
			defaultConfigurationName = Release;
		};
/* End XCConfigurationList section */

/* Begin XCRemoteSwiftPackageReference section */
		687A9D18296D747D0024176D /* XCRemoteSwiftPackageReference "SnapKit" */ = {
			isa = XCRemoteSwiftPackageReference;
			repositoryURL = "https://github.com/SnapKit/SnapKit";
			requirement = {
				branch = develop;
				kind = branch;
			};
		};
/* End XCRemoteSwiftPackageReference section */

/* Begin XCSwiftPackageProductDependency section */
		687A9D19296D747D0024176D /* SnapKit */ = {
			isa = XCSwiftPackageProductDependency;
			package = 687A9D18296D747D0024176D /* XCRemoteSwiftPackageReference "SnapKit" */;
			productName = SnapKit;
		};
/* End XCSwiftPackageProductDependency section */

/* Begin XCVersionGroup section */
		687A9CE9296D4BCD0024176D /* Bemily.xcdatamodeld */ = {
			isa = XCVersionGroup;
			children = (
				687A9CEA296D4BCD0024176D /* Bemily.xcdatamodel */,
			);
			currentVersion = 687A9CEA296D4BCD0024176D /* Bemily.xcdatamodel */;
			path = Bemily.xcdatamodeld;
			sourceTree = "<group>";
			versionGroupType = wrapper.xcdatamodel;
		};
/* End XCVersionGroup section */
	};
	rootObject = 687A9CD5296D4BCD0024176D /* Project object */;
}
